{
    "_readme": [
        "This file locks the dependencies of your project to a known state",
        "Read more about it at https://getcomposer.org/doc/01-basic-usage.md#composer-lock-the-lock-file",
        "This file is @generated automatically"
    ],
    "hash": "2ad0fd573980773b56516c65f76b8e61",
    "content-hash": "cb99371242635e2817b4c3720cc4de53",
    "packages": [
        {
            "name": "fortifi/api",
            "version": "1.0.19",
            "source": {
                "type": "git",
                "url": "https://github.com/fortifi/api.git",
                "reference": "330a07cd77da3c84404ecd5833c3d8dc2b05bae9"
            },
            "dist": {
                "type": "zip",
                "url": "https://api.github.com/repos/fortifi/api/zipball/330a07cd77da3c84404ecd5833c3d8dc2b05bae9",
                "reference": "330a07cd77da3c84404ecd5833c3d8dc2b05bae9",
                "shasum": ""
            },
            "require": {
                "packaged/helpers": "~1.1"
            },
            "suggest": {
                "guzzlehttp/guzzle": "5.0 to use the Guzzle5Connection, or 6.0 to use the Guzzle6Connection",
                "rmccue/requests": ">=1.0 to use the RequestsConnection"
            },
            "type": "library",
            "autoload": {
                "psr-4": {
                    "Fortifi\\Api\\Core\\": "src/",
                    "Fortifi\\Tests\\Api\\Core\\": "tests/"
                }
            },
            "description": "Fortifi Business Platform",
            "homepage": "http://fortifi.co",
            "support": {
                "source": "https://github.com/fortifi/api/tree/1.0.19",
                "issues": "https://github.com/fortifi/api/issues"
            },
            "time": "2017-01-04 17:05:13"
        },
        {
            "name": "packaged/helpers",
            "version": "1.8.0",
            "source": {
                "type": "git",
                "url": "https://github.com/packaged/helpers.git",
                "reference": "379f706706c856180c6a2ee41c051ebe3fbd7a0c"
            },
            "dist": {
                "type": "zip",
                "url": "https://api.github.com/repos/packaged/helpers/zipball/379f706706c856180c6a2ee41c051ebe3fbd7a0c",
                "reference": "379f706706c856180c6a2ee41c051ebe3fbd7a0c",
                "shasum": ""
            },
            "require": {
                "php": ">=5.4.0"
            },
            "require-dev": {
                "phpunit/phpunit": "~4.6"
            },
            "type": "library",
            "autoload": {
                "psr-4": {
                    "Packaged\\Helpers\\": "src"
                }
            },
            "notification-url": "https://packagist.org/downloads/",
            "license": [
                "MIT"
            ],
            "authors": [
                {
                    "name": "Brooke Bryan",
                    "email": "brooke@bajb.net"
                }
            ],
            "description": "Generic PHP Helper Classes",
            "time": "2017-03-29 14:47:17"
        }
    ],
    "packages-dev": [],
    "aliases": [],
    "minimum-stability": "stable",
    "stability-flags": [],
    "prefer-stable": false,
    "prefer-lowest": false,
    "platform": [],
    "platform-dev": []
}
